
Microsoft Visual Studio Solution File, Format Version 12.00
# Visual Studio 2017
Project("{FAE04EC0-301F-11D3-BF4B-00C04F79EFBC}") = "Selectable", "Selectable.csproj", "{3451BF53-9972-DB7B-5D09-C026011234D1}"
EndProject
Project("{FAE04EC0-301F-11D3-BF4B-00C04F79EFBC}") = "Selectable.Editor", "Selectable.Editor.csproj", "{9F70E3A0-C561-7A62-3D82-97B0FB418306}"
EndProject
Global
	GlobalSection(SolutionConfigurationPlatforms) = preSolution
		Debug|Any CPU = Debug|Any CPU
		Release|Any CPU = Release|Any CPU
	EndGlobalSection
	GlobalSection(ProjectConfigurationPlatforms) = postSolution
		{3451BF53-9972-DB7B-5D09-C026011234D1}.Debug|Any CPU.ActiveCfg = Debug|Any CPU
		{3451BF53-9972-DB7B-5D09-C026011234D1}.Debug|Any CPU.Build.0 = Debug|Any CPU
		{3451BF53-9972-DB7B-5D09-C026011234D1}.Release|Any CPU.ActiveCfg = Release|Any CPU
		{3451BF53-9972-DB7B-5D09-C026011234D1}.Release|Any CPU.Build.0 = Release|Any CPU
		{9F70E3A0-C561-7A62-3D82-97B0FB418306}.Debug|Any CPU.ActiveCfg = Debug|Any CPU
		{9F70E3A0-C561-7A62-3D82-97B0FB418306}.Debug|Any CPU.Build.0 = Debug|Any CPU
		{9F70E3A0-C561-7A62-3D82-97B0FB418306}.Release|Any CPU.ActiveCfg = Release|Any CPU
		{9F70E3A0-C561-7A62-3D82-97B0FB418306}.Release|Any CPU.Build.0 = Release|Any CPU
	EndGlobalSection
	GlobalSection(SolutionProperties) = preSolution
		HideSolutionNode = FALSE
	EndGlobalSection
EndGlobal
