
Microsoft Visual Studio Solution File, Format Version 12.00
# Visual Studio 15
Project("{FAE04EC0-301F-11D3-BF4B-00C04F79EFBC}") = "SelectablePlus", "Assembly-CSharp.csproj", "{DE34FDDB-41A9-B9CA-87CD-F162E7EFB4E8}"
EndProject
Project("{FAE04EC0-301F-11D3-BF4B-00C04F79EFBC}") = "SelectablePlus", "Assembly-CSharp-Editor.csproj", "{712891E1-F39E-3C4D-48E9-7F6E5F8A2CF8}"
EndProject
Global
	GlobalSection(SolutionConfigurationPlatforms) = preSolution
		Debug|Any CPU = Debug|Any CPU
		Release|Any CPU = Release|Any CPU
	EndGlobalSection
	GlobalSection(ProjectConfigurationPlatforms) = postSolution
		{DE34FDDB-41A9-B9CA-87CD-F162E7EFB4E8}.Debug|Any CPU.ActiveCfg = Debug|Any CPU
		{DE34FDDB-41A9-B9CA-87CD-F162E7EFB4E8}.Debug|Any CPU.Build.0 = Debug|Any CPU
		{DE34FDDB-41A9-B9CA-87CD-F162E7EFB4E8}.Release|Any CPU.ActiveCfg = Release|Any CPU
		{DE34FDDB-41A9-B9CA-87CD-F162E7EFB4E8}.Release|Any CPU.Build.0 = Release|Any CPU
		{712891E1-F39E-3C4D-48E9-7F6E5F8A2CF8}.Debug|Any CPU.ActiveCfg = Debug|Any CPU
		{712891E1-F39E-3C4D-48E9-7F6E5F8A2CF8}.Debug|Any CPU.Build.0 = Debug|Any CPU
		{712891E1-F39E-3C4D-48E9-7F6E5F8A2CF8}.Release|Any CPU.ActiveCfg = Release|Any CPU
		{712891E1-F39E-3C4D-48E9-7F6E5F8A2CF8}.Release|Any CPU.Build.0 = Release|Any CPU
	EndGlobalSection
	GlobalSection(SolutionProperties) = preSolution
		HideSolutionNode = FALSE
	EndGlobalSection
EndGlobal
